
Microsoft Visual Studio Solution File, Format Version 12.00
# Visual Studio Version 16
VisualStudioVersion = 16.0.30413.136
MinimumVisualStudioVersion = 10.0.40219.1
Project("{FAE04EC0-301F-11D3-BF4B-00C04F79EFBC}") = "IsRouteRec", "IsRouteRec\IsRouteRec.csproj", "{633750CF-A3DB-4DDE-A15E-3853312BEADA}"
EndProject
Global
	GlobalSection(SolutionConfigurationPlatforms) = preSolution
		Debug|Any CPU = Debug|Any CPU
		Release|Any CPU = Release|Any CPU
	EndGlobalSection
	GlobalSection(ProjectConfigurationPlatforms) = postSolution
		{633750CF-A3DB-4DDE-A15E-3853312BEADA}.Debug|Any CPU.ActiveCfg = Debug|Any CPU
		{633750CF-A3DB-4DDE-A15E-3853312BEADA}.Debug|Any CPU.Build.0 = Debug|Any CPU
		{633750CF-A3DB-4DDE-A15E-3853312BEADA}.Release|Any CPU.ActiveCfg = Release|Any CPU
		{633750CF-A3DB-4DDE-A15E-3853312BEADA}.Release|Any CPU.Build.0 = Release|Any CPU
	EndGlobalSection
	GlobalSection(SolutionProperties) = preSolution
		HideSolutionNode = FALSE
	EndGlobalSection
	GlobalSection(ExtensibilityGlobals) = postSolution
		SolutionGuid = {0B3B7390-5906-4582-A1D7-D67CFF0418B6}
	EndGlobalSection
EndGlobal
